
Microsoft Visual Studio Solution File, Format Version 12.00
# Visual Studio 15
VisualStudioVersion = 15.0.26430.14
MinimumVisualStudioVersion = 10.0.40219.1
Project("{2150E333-8FDC-42A3-9474-1A3956D46DE8}") = "build", "build", "{79D71264-186B-4F62-8930-35DD9ECCAF3B}"
	ProjectSection(SolutionItems) = preProject
		build.cmd = build.cmd
		build.fsx = build.fsx
		build.ps1 = build.ps1
		build.sh = build.sh
	EndProjectSection
EndProject
Project("{9A19103F-16F7-4668-BE54-9A1E7A4F7556}") = "Akka.Persistence.Extras", "src\Akka.Persistence.Extras\Akka.Persistence.Extras.csproj", "{28DC51D3-4F26-4F9E-A069-B9A01E426640}"
EndProject
Project("{9A19103F-16F7-4668-BE54-9A1E7A4F7556}") = "Akka.Persistence.Extras.Tests", "src\Akka.Persistence.Extras.Tests\Akka.Persistence.Extras.Tests.csproj", "{2A77FABC-122D-4228-BFBA-D00F432CE517}"
EndProject
Project("{9A19103F-16F7-4668-BE54-9A1E7A4F7556}") = "Akka.Persistence.Extras.Tests.Performance", "src\Akka.Persistence.Extras.Tests.Performance\Akka.Persistence.Extras.Tests.Performance.csproj", "{22D4AADD-A7B5-4A01-8980-9E7C21DCFDF8}"
EndProject
Project("{2150E333-8FDC-42A3-9474-1A3956D46DE8}") = "samples", "samples", "{82C25BE2-77BE-47D9-A3FD-632E92FA95CC}"
EndProject
Project("{9A19103F-16F7-4668-BE54-9A1E7A4F7556}") = "Akka.Persistence.Extras.Demo.DeDuplicatingReceiver", "src\Akka.Persistence.Extras.Demo.DeDuplicatingReceiver\Akka.Persistence.Extras.Demo.DeDuplicatingReceiver.csproj", "{271A63AA-61A7-48E1-BF25-7C3AF8238A29}"
EndProject
Project("{FAE04EC0-301F-11D3-BF4B-00C04F79EFBC}") = "Akka.Persistence.Extras.Demo.PersistenceSupervisor", "src\Akka.Persistence.Extras.Demo.PersistenceSupervisor\Akka.Persistence.Extras.Demo.PersistenceSupervisor.csproj", "{E15F5593-A504-47A3-A2AC-F2277B302C31}"
EndProject
Global
	GlobalSection(SolutionConfigurationPlatforms) = preSolution
		Debug|Any CPU = Debug|Any CPU
		Release|Any CPU = Release|Any CPU
	EndGlobalSection
	GlobalSection(ProjectConfigurationPlatforms) = postSolution
		{28DC51D3-4F26-4F9E-A069-B9A01E426640}.Debug|Any CPU.ActiveCfg = Debug|Any CPU
		{28DC51D3-4F26-4F9E-A069-B9A01E426640}.Debug|Any CPU.Build.0 = Debug|Any CPU
		{28DC51D3-4F26-4F9E-A069-B9A01E426640}.Release|Any CPU.ActiveCfg = Release|Any CPU
		{28DC51D3-4F26-4F9E-A069-B9A01E426640}.Release|Any CPU.Build.0 = Release|Any CPU
		{2A77FABC-122D-4228-BFBA-D00F432CE517}.Debug|Any CPU.ActiveCfg = Debug|Any CPU
		{2A77FABC-122D-4228-BFBA-D00F432CE517}.Debug|Any CPU.Build.0 = Debug|Any CPU
		{2A77FABC-122D-4228-BFBA-D00F432CE517}.Release|Any CPU.ActiveCfg = Release|Any CPU
		{2A77FABC-122D-4228-BFBA-D00F432CE517}.Release|Any CPU.Build.0 = Release|Any CPU
		{22D4AADD-A7B5-4A01-8980-9E7C21DCFDF8}.Debug|Any CPU.ActiveCfg = Debug|Any CPU
		{22D4AADD-A7B5-4A01-8980-9E7C21DCFDF8}.Debug|Any CPU.Build.0 = Debug|Any CPU
		{22D4AADD-A7B5-4A01-8980-9E7C21DCFDF8}.Release|Any CPU.ActiveCfg = Release|Any CPU
		{22D4AADD-A7B5-4A01-8980-9E7C21DCFDF8}.Release|Any CPU.Build.0 = Release|Any CPU
		{271A63AA-61A7-48E1-BF25-7C3AF8238A29}.Debug|Any CPU.ActiveCfg = Debug|Any CPU
		{271A63AA-61A7-48E1-BF25-7C3AF8238A29}.Debug|Any CPU.Build.0 = Debug|Any CPU
		{271A63AA-61A7-48E1-BF25-7C3AF8238A29}.Release|Any CPU.ActiveCfg = Release|Any CPU
		{271A63AA-61A7-48E1-BF25-7C3AF8238A29}.Release|Any CPU.Build.0 = Release|Any CPU
		{E15F5593-A504-47A3-A2AC-F2277B302C31}.Debug|Any CPU.ActiveCfg = Debug|Any CPU
		{E15F5593-A504-47A3-A2AC-F2277B302C31}.Debug|Any CPU.Build.0 = Debug|Any CPU
		{E15F5593-A504-47A3-A2AC-F2277B302C31}.Release|Any CPU.ActiveCfg = Release|Any CPU
		{E15F5593-A504-47A3-A2AC-F2277B302C31}.Release|Any CPU.Build.0 = Release|Any CPU
	EndGlobalSection
	GlobalSection(SolutionProperties) = preSolution
		HideSolutionNode = FALSE
	EndGlobalSection
	GlobalSection(NestedProjects) = preSolution
		{271A63AA-61A7-48E1-BF25-7C3AF8238A29} = {82C25BE2-77BE-47D9-A3FD-632E92FA95CC}
		{E15F5593-A504-47A3-A2AC-F2277B302C31} = {82C25BE2-77BE-47D9-A3FD-632E92FA95CC}
	EndGlobalSection
	GlobalSection(ExtensibilityGlobals) = postSolution
		SolutionGuid = {B99E6BB8-642A-4A68-86DF-69567CBA700A}
	EndGlobalSection
EndGlobal
